
Microsoft Visual Studio Solution File, Format Version 12.00
Project("{FAE04EC0-301F-11D3-BF4B-00C04F79EFBC}") = "Examen_FinalCalidad", "Examen_FinalCalidad\Examen_FinalCalidad.csproj", "{59D8184B-AADC-43AC-B36A-0400F2969255}"
EndProject
Project("{FAE04EC0-301F-11D3-BF4B-00C04F79EFBC}") = "TestProject1", "TestProject1\TestProject1.csproj", "{873DD10D-866C-4A5F-A8A0-CA1036ADDCAC}"
EndProject
Global
	GlobalSection(SolutionConfigurationPlatforms) = preSolution
		Debug|Any CPU = Debug|Any CPU
		Release|Any CPU = Release|Any CPU
	EndGlobalSection
	GlobalSection(ProjectConfigurationPlatforms) = postSolution
		{59D8184B-AADC-43AC-B36A-0400F2969255}.Debug|Any CPU.ActiveCfg = Debug|Any CPU
		{59D8184B-AADC-43AC-B36A-0400F2969255}.Debug|Any CPU.Build.0 = Debug|Any CPU
		{59D8184B-AADC-43AC-B36A-0400F2969255}.Release|Any CPU.ActiveCfg = Release|Any CPU
		{59D8184B-AADC-43AC-B36A-0400F2969255}.Release|Any CPU.Build.0 = Release|Any CPU
		{873DD10D-866C-4A5F-A8A0-CA1036ADDCAC}.Debug|Any CPU.ActiveCfg = Debug|Any CPU
		{873DD10D-866C-4A5F-A8A0-CA1036ADDCAC}.Debug|Any CPU.Build.0 = Debug|Any CPU
		{873DD10D-866C-4A5F-A8A0-CA1036ADDCAC}.Release|Any CPU.ActiveCfg = Release|Any CPU
		{873DD10D-866C-4A5F-A8A0-CA1036ADDCAC}.Release|Any CPU.Build.0 = Release|Any CPU
	EndGlobalSection
EndGlobal
